{
    "_readme": [
        "This file locks the dependencies of your project to a known state",
        "Read more about it at https://getcomposer.org/doc/01-basic-usage.md#installing-dependencies",
        "This file is @generated automatically"
    ],
    "content-hash": "f869b43af8da4d8cdc796bce8f27e43a",
    "packages": [
        {
            "name": "gamegos/jws",
            "version": "1.0.1",
            "source": {
                "type": "git",
                "url": "https://github.com/gamegos/php-jws.git",
                "reference": "a94218e43f45d4e818eecaaa4063ff436b4a5ee0"
            },
            "dist": {
                "type": "zip",
                "url": "https://api.github.com/repos/gamegos/php-jws/zipball/a94218e43f45d4e818eecaaa4063ff436b4a5ee0",
                "reference": "a94218e43f45d4e818eecaaa4063ff436b4a5ee0",
                "shasum": "",
                "mirrors": [
                    {
                        "url": "https://mirrors.aliyun.com/composer/dists/%package%/%reference%.%type%",
                        "preferred": true
                    }
                ]
            },
            "require": {
                "php": ">=5.4"
            },
            "require-dev": {
                "phpunit/phpunit": "4.1.*"
            },
            "type": "library",
            "autoload": {
                "psr-4": {
                    "Gamegos\\JWS\\": [
                        "src",
                        "tests"
                    ]
                }
            },
            "notification-url": "https://packagist.org/downloads/",
            "license": [
                "MIT"
            ],
            "authors": [
                {
                    "name": "Mustafa Altun",
                    "email": "gmail@mustafaaltun.com"
                }
            ],
            "description": "Json Web Signature (JWS) PHP implementation",
            "keywords": [
                "JSON Web Signature",
                "JSON Web Token",
                "JWS",
                "digital signature",
                "jwa",
                "jwt"
            ],
            "time": "2015-04-09T08:33:49+00:00"
        },
        {
            "name": "gamegos/jwt",
            "version": "0.1.1",
            "source": {
                "type": "git",
                "url": "https://github.com/Gamegos/php-jwt.git",
                "reference": "70bbb5e0d8349c740c9e9fbc0d576cbe77fec9e3"
            },
            "dist": {
                "type": "zip",
                "url": "https://api.github.com/repos/Gamegos/php-jwt/zipball/70bbb5e0d8349c740c9e9fbc0d576cbe77fec9e3",
                "reference": "70bbb5e0d8349c740c9e9fbc0d576cbe77fec9e3",
                "shasum": "",
                "mirrors": [
                    {
                        "url": "https://mirrors.aliyun.com/composer/dists/%package%/%reference%.%type%",
                        "preferred": true
                    }
                ]
            },
            "require": {
                "gamegos/jws": "~1.0",
                "php": ">=5.4"
            },
            "require-dev": {
                "phpunit/phpunit": "4.1.*"
            },
            "type": "library",
            "autoload": {
                "psr-4": {
                    "Gamegos\\JWT\\": [
                        "src",
                        "tests"
                    ]
                }
            },
            "notification-url": "https://packagist.org/downloads/",
            "license": [
                "MIT"
            ],
            "authors": [
                {
                    "name": "Mustafa Altun",
                    "email": "gmail@mustafaaltun.com"
                }
            ],
            "description": "Json Web Token (JWT) PHP implementation",
            "keywords": [
                "JSON Web Token",
                "JWS",
                "json token",
                "jwt"
            ],
            "time": "2015-04-09T09:39:08+00:00"
        }
    ],
    "packages-dev": [],
    "aliases": [],
    "minimum-stability": "stable",
    "stability-flags": [],
    "prefer-stable": false,
    "prefer-lowest": false,
    "platform": [],
    "platform-dev": [],
    "plugin-api-version": "1.1.0"
}
